// !$*UTF8*$!
{
	archiveVersion = 1;
	classes = {
	};
	objectVersion = 46;
	objects = {

/* Begin PBXBuildFile section */
		F33387DA1E06065600FC9092 /* LevelGeneratorStatistics.swift in Sources */ = {isa = PBXBuildFile; fileRef = F33387D91E06065600FC9092 /* LevelGeneratorStatistics.swift */; };
		F35167311DFF8E940096582F /* BasicDifficultyCriteria.swift in Sources */ = {isa = PBXBuildFile; fileRef = F35167301DFF8E940096582F /* BasicDifficultyCriteria.swift */; };
		F380A7761DFB356B002BD1AF /* BasicLevelProposer.swift in Sources */ = {isa = PBXBuildFile; fileRef = F380A7751DFB356B002BD1AF /* BasicLevelProposer.swift */; };
		F380A7781DFB35AA002BD1AF /* BasicLevelSolver.swift in Sources */ = {isa = PBXBuildFile; fileRef = F380A7771DFB35AA002BD1AF /* BasicLevelSolver.swift */; };
		F3B4DF661DF4899700BA4725 /* AppDelegate.swift in Sources */ = {isa = PBXBuildFile; fileRef = F3B4DF651DF4899700BA4725 /* AppDelegate.swift */; };
		F3B4DF6A1DF4899700BA4725 /* Actions.sks in Resources */ = {isa = PBXBuildFile; fileRef = F3B4DF691DF4899700BA4725 /* Actions.sks */; };
		F3B4DF6E1DF4899700BA4725 /* GameViewController.swift in Sources */ = {isa = PBXBuildFile; fileRef = F3B4DF6D1DF4899700BA4725 /* GameViewController.swift */; };
		F3B4DF711DF4899700BA4725 /* Main.storyboard in Resources */ = {isa = PBXBuildFile; fileRef = F3B4DF6F1DF4899700BA4725 /* Main.storyboard */; };
		F3B4DF731DF4899700BA4725 /* Assets.xcassets in Resources */ = {isa = PBXBuildFile; fileRef = F3B4DF721DF4899700BA4725 /* Assets.xcassets */; };
		F3B4DF761DF4899700BA4725 /* LaunchScreen.storyboard in Resources */ = {isa = PBXBuildFile; fileRef = F3B4DF741DF4899700BA4725 /* LaunchScreen.storyboard */; };
		F3B4DF811DF4899700BA4725 /* Slide_the_BoxTests.swift in Sources */ = {isa = PBXBuildFile; fileRef = F3B4DF801DF4899700BA4725 /* Slide_the_BoxTests.swift */; };
		F3B4DF8C1DF4899700BA4725 /* Slide_the_BoxUITests.swift in Sources */ = {isa = PBXBuildFile; fileRef = F3B4DF8B1DF4899700BA4725 /* Slide_the_BoxUITests.swift */; };
		F3C607F91E16C49400D7B9B4 /* BaseLevelProposer.swift in Sources */ = {isa = PBXBuildFile; fileRef = F3C607F81E16C49400D7B9B4 /* BaseLevelProposer.swift */; };
		F3C607FB1E16C4A100D7B9B4 /* BaseLevelSolver.swift in Sources */ = {isa = PBXBuildFile; fileRef = F3C607FA1E16C4A100D7B9B4 /* BaseLevelSolver.swift */; };
		F3C607FD1E16C4B200D7B9B4 /* BaseDifficultyCriteria.swift in Sources */ = {isa = PBXBuildFile; fileRef = F3C607FC1E16C4B200D7B9B4 /* BaseDifficultyCriteria.swift */; };
		F3D256761E0C9F1800043940 /* BaseLevel.swift in Sources */ = {isa = PBXBuildFile; fileRef = F3D256751E0C9F1800043940 /* BaseLevel.swift */; };
		F3D256781E0CA12100043940 /* NumberLevel.swift in Sources */ = {isa = PBXBuildFile; fileRef = F3D256771E0CA12100043940 /* NumberLevel.swift */; };
		F3D2567A1E0CA13300043940 /* NumberLevelProposer.swift in Sources */ = {isa = PBXBuildFile; fileRef = F3D256791E0CA13300043940 /* NumberLevelProposer.swift */; };
		F3D2567C1E0CA14300043940 /* NumberLevelSolver.swift in Sources */ = {isa = PBXBuildFile; fileRef = F3D2567B1E0CA14300043940 /* NumberLevelSolver.swift */; };
		F3D2567E1E0CA16700043940 /* NumberDifficultyCriteria.swift in Sources */ = {isa = PBXBuildFile; fileRef = F3D2567D1E0CA16700043940 /* NumberDifficultyCriteria.swift */; };
		F3D2EA761DFDEDEE00FAE267 /* LevelGenerator.swift in Sources */ = {isa = PBXBuildFile; fileRef = F3D2EA751DFDEDEE00FAE267 /* LevelGenerator.swift */; };
		F3F929CF1DF785E80000FFB1 /* Jump.wav in Resources */ = {isa = PBXBuildFile; fileRef = F3F929CE1DF785E80000FFB1 /* Jump.wav */; };
		F3F929D31DF7861F0000FFB1 /* MainMenuScene.swift in Sources */ = {isa = PBXBuildFile; fileRef = F3F929D21DF7861F0000FFB1 /* MainMenuScene.swift */; };
		F3F929D51DF786320000FFB1 /* GameplayScene.swift in Sources */ = {isa = PBXBuildFile; fileRef = F3F929D41DF786320000FFB1 /* GameplayScene.swift */; };
		F3F929D71DF7863D0000FFB1 /* BasicLevel.swift in Sources */ = {isa = PBXBuildFile; fileRef = F3F929D61DF7863D0000FFB1 /* BasicLevel.swift */; };
		F3F929DA1DF7866C0000FFB1 /* MainMenuScene.sks in Resources */ = {isa = PBXBuildFile; fileRef = F3F929D91DF7866C0000FFB1 /* MainMenuScene.sks */; };
		F3F929DC1DF7867A0000FFB1 /* GameplayScene.sks in Resources */ = {isa = PBXBuildFile; fileRef = F3F929DB1DF7867A0000FFB1 /* GameplayScene.sks */; };
		F3F929E01DF790780000FFB1 /* RosewoodStd-Regular.otf in Resources */ = {isa = PBXBuildFile; fileRef = F3F929DF1DF790780000FFB1 /* RosewoodStd-Regular.otf */; };
/* End PBXBuildFile section */

/* Begin PBXContainerItemProxy section */
		F3B4DF7D1DF4899700BA4725 /* PBXContainerItemProxy */ = {
			isa = PBXContainerItemProxy;
			containerPortal = F3B4DF5A1DF4899700BA4725 /* Project object */;
			proxyType = 1;
			remoteGlobalIDString = F3B4DF611DF4899700BA4725;
			remoteInfo = "Slide the Box";
		};
		F3B4DF881DF4899700BA4725 /* PBXContainerItemProxy */ = {
			isa = PBXContainerItemProxy;
			containerPortal = F3B4DF5A1DF4899700BA4725 /* Project object */;
			proxyType = 1;
			remoteGlobalIDString = F3B4DF611DF4899700BA4725;
			remoteInfo = "Slide the Box";
		};
/* End PBXContainerItemProxy section */

/* Begin PBXFileReference section */
		F33387D91E06065600FC9092 /* LevelGeneratorStatistics.swift */ = {isa = PBXFileReference; fileEncoding = 4; lastKnownFileType = sourcecode.swift; path = LevelGeneratorStatistics.swift; sourceTree = "<group>"; };
		F35167301DFF8E940096582F /* BasicDifficultyCriteria.swift */ = {isa = PBXFileReference; fileEncoding = 4; lastKnownFileType = sourcecode.swift; path = BasicDifficultyCriteria.swift; sourceTree = "<group>"; };
		F380A7751DFB356B002BD1AF /* BasicLevelProposer.swift */ = {isa = PBXFileReference; fileEncoding = 4; lastKnownFileType = sourcecode.swift; path = BasicLevelProposer.swift; sourceTree = "<group>"; };
		F380A7771DFB35AA002BD1AF /* BasicLevelSolver.swift */ = {isa = PBXFileReference; fileEncoding = 4; lastKnownFileType = sourcecode.swift; path = BasicLevelSolver.swift; sourceTree = "<group>"; };
		F3B4DF621DF4899700BA4725 /* Slide the Box.app */ = {isa = PBXFileReference; explicitFileType = wrapper.application; includeInIndex = 0; path = "Slide the Box.app"; sourceTree = BUILT_PRODUCTS_DIR; };
		F3B4DF651DF4899700BA4725 /* AppDelegate.swift */ = {isa = PBXFileReference; lastKnownFileType = sourcecode.swift; path = AppDelegate.swift; sourceTree = "<group>"; };
		F3B4DF691DF4899700BA4725 /* Actions.sks */ = {isa = PBXFileReference; lastKnownFileType = file.sks; path = Actions.sks; sourceTree = "<group>"; };
		F3B4DF6D1DF4899700BA4725 /* GameViewController.swift */ = {isa = PBXFileReference; lastKnownFileType = sourcecode.swift; path = GameViewController.swift; sourceTree = "<group>"; };
		F3B4DF701DF4899700BA4725 /* Base */ = {isa = PBXFileReference; lastKnownFileType = file.storyboard; name = Base; path = Base.lproj/Main.storyboard; sourceTree = "<group>"; };
		F3B4DF721DF4899700BA4725 /* Assets.xcassets */ = {isa = PBXFileReference; lastKnownFileType = folder.assetcatalog; path = Assets.xcassets; sourceTree = "<group>"; };
		F3B4DF751DF4899700BA4725 /* Base */ = {isa = PBXFileReference; lastKnownFileType = file.storyboard; name = Base; path = Base.lproj/LaunchScreen.storyboard; sourceTree = "<group>"; };
		F3B4DF771DF4899700BA4725 /* Info.plist */ = {isa = PBXFileReference; lastKnownFileType = text.plist.xml; path = Info.plist; sourceTree = "<group>"; };
		F3B4DF7C1DF4899700BA4725 /* Slide the BoxTests.xctest */ = {isa = PBXFileReference; explicitFileType = wrapper.cfbundle; includeInIndex = 0; path = "Slide the BoxTests.xctest"; sourceTree = BUILT_PRODUCTS_DIR; };
		F3B4DF801DF4899700BA4725 /* Slide_the_BoxTests.swift */ = {isa = PBXFileReference; lastKnownFileType = sourcecode.swift; path = Slide_the_BoxTests.swift; sourceTree = "<group>"; };
		F3B4DF821DF4899700BA4725 /* Info.plist */ = {isa = PBXFileReference; lastKnownFileType = text.plist.xml; path = Info.plist; sourceTree = "<group>"; };
		F3B4DF871DF4899700BA4725 /* Slide the BoxUITests.xctest */ = {isa = PBXFileReference; explicitFileType = wrapper.cfbundle; includeInIndex = 0; path = "Slide the BoxUITests.xctest"; sourceTree = BUILT_PRODUCTS_DIR; };
		F3B4DF8B1DF4899700BA4725 /* Slide_the_BoxUITests.swift */ = {isa = PBXFileReference; lastKnownFileType = sourcecode.swift; path = Slide_the_BoxUITests.swift; sourceTree = "<group>"; };
		F3B4DF8D1DF4899700BA4725 /* Info.plist */ = {isa = PBXFileReference; lastKnownFileType = text.plist.xml; path = Info.plist; sourceTree = "<group>"; };
		F3C607F81E16C49400D7B9B4 /* BaseLevelProposer.swift */ = {isa = PBXFileReference; fileEncoding = 4; lastKnownFileType = sourcecode.swift; path = BaseLevelProposer.swift; sourceTree = "<group>"; };
		F3C607FA1E16C4A100D7B9B4 /* BaseLevelSolver.swift */ = {isa = PBXFileReference; fileEncoding = 4; lastKnownFileType = sourcecode.swift; path = BaseLevelSolver.swift; sourceTree = "<group>"; };
		F3C607FC1E16C4B200D7B9B4 /* BaseDifficultyCriteria.swift */ = {isa = PBXFileReference; fileEncoding = 4; lastKnownFileType = sourcecode.swift; path = BaseDifficultyCriteria.swift; sourceTree = "<group>"; };
		F3D256751E0C9F1800043940 /* BaseLevel.swift */ = {isa = PBXFileReference; fileEncoding = 4; lastKnownFileType = sourcecode.swift; path = BaseLevel.swift; sourceTree = "<group>"; };
		F3D256771E0CA12100043940 /* NumberLevel.swift */ = {isa = PBXFileReference; fileEncoding = 4; lastKnownFileType = sourcecode.swift; path = NumberLevel.swift; sourceTree = "<group>"; };
		F3D256791E0CA13300043940 /* NumberLevelProposer.swift */ = {isa = PBXFileReference; fileEncoding = 4; lastKnownFileType = sourcecode.swift; path = NumberLevelProposer.swift; sourceTree = "<group>"; };
		F3D2567B1E0CA14300043940 /* NumberLevelSolver.swift */ = {isa = PBXFileReference; fileEncoding = 4; lastKnownFileType = sourcecode.swift; path = NumberLevelSolver.swift; sourceTree = "<group>"; };
		F3D2567D1E0CA16700043940 /* NumberDifficultyCriteria.swift */ = {isa = PBXFileReference; fileEncoding = 4; lastKnownFileType = sourcecode.swift; path = NumberDifficultyCriteria.swift; sourceTree = "<group>"; };
		F3D2EA751DFDEDEE00FAE267 /* LevelGenerator.swift */ = {isa = PBXFileReference; fileEncoding = 4; lastKnownFileType = sourcecode.swift; path = LevelGenerator.swift; sourceTree = "<group>"; };
		F3F929CE1DF785E80000FFB1 /* Jump.wav */ = {isa = PBXFileReference; lastKnownFileType = audio.wav; name = Jump.wav; path = Assests/Sounds/Jump.wav; sourceTree = "<group>"; };
		F3F929D21DF7861F0000FFB1 /* MainMenuScene.swift */ = {isa = PBXFileReference; fileEncoding = 4; lastKnownFileType = sourcecode.swift; path = MainMenuScene.swift; sourceTree = "<group>"; };
		F3F929D41DF786320000FFB1 /* GameplayScene.swift */ = {isa = PBXFileReference; fileEncoding = 4; lastKnownFileType = sourcecode.swift; path = GameplayScene.swift; sourceTree = "<group>"; };
		F3F929D61DF7863D0000FFB1 /* BasicLevel.swift */ = {isa = PBXFileReference; fileEncoding = 4; lastKnownFileType = sourcecode.swift; path = BasicLevel.swift; sourceTree = "<group>"; };
		F3F929D91DF7866C0000FFB1 /* MainMenuScene.sks */ = {isa = PBXFileReference; lastKnownFileType = file.sks; path = MainMenuScene.sks; sourceTree = "<group>"; };
		F3F929DB1DF7867A0000FFB1 /* GameplayScene.sks */ = {isa = PBXFileReference; lastKnownFileType = file.sks; path = GameplayScene.sks; sourceTree = "<group>"; };
		F3F929DF1DF790780000FFB1 /* RosewoodStd-Regular.otf */ = {isa = PBXFileReference; lastKnownFileType = file; name = "RosewoodStd-Regular.otf"; path = "Assests/Fonts/RosewoodStd-Regular.otf"; sourceTree = "<group>"; };
/* End PBXFileReference section */

/* Begin PBXFrameworksBuildPhase section */
		F3B4DF5F1DF4899700BA4725 /* Frameworks */ = {
			isa = PBXFrameworksBuildPhase;
			buildActionMask = 2147483647;
			files = (
			);
			runOnlyForDeploymentPostprocessing = 0;
		};
		F3B4DF791DF4899700BA4725 /* Frameworks */ = {
			isa = PBXFrameworksBuildPhase;
			buildActionMask = 2147483647;
			files = (
			);
			runOnlyForDeploymentPostprocessing = 0;
		};
		F3B4DF841DF4899700BA4725 /* Frameworks */ = {
			isa = PBXFrameworksBuildPhase;
			buildActionMask = 2147483647;
			files = (
			);
			runOnlyForDeploymentPostprocessing = 0;
		};
/* End PBXFrameworksBuildPhase section */

/* Begin PBXGroup section */
		F33387DB1E06183A00FC9092 /* Basic */ = {
			isa = PBXGroup;
			children = (
				F3F929D61DF7863D0000FFB1 /* BasicLevel.swift */,
				F380A7751DFB356B002BD1AF /* BasicLevelProposer.swift */,
				F380A7771DFB35AA002BD1AF /* BasicLevelSolver.swift */,
				F35167301DFF8E940096582F /* BasicDifficultyCriteria.swift */,
			);
			name = Basic;
			sourceTree = "<group>";
		};
		F3B4DF591DF4899700BA4725 = {
			isa = PBXGroup;
			children = (
				F3B4DF641DF4899700BA4725 /* Slide the Box */,
				F3F929B11DF7856E0000FFB1 /* Classes */,
				F3F929D81DF786500000FFB1 /* Scenes */,
				F3F929B41DF785990000FFB1 /* Assets */,
				F3B4DF7F1DF4899700BA4725 /* Slide the BoxTests */,
				F3B4DF8A1DF4899700BA4725 /* Slide the BoxUITests */,
				F3B4DF631DF4899700BA4725 /* Products */,
			);
			sourceTree = "<group>";
		};
		F3B4DF631DF4899700BA4725 /* Products */ = {
			isa = PBXGroup;
			children = (
				F3B4DF621DF4899700BA4725 /* Slide the Box.app */,
				F3B4DF7C1DF4899700BA4725 /* Slide the BoxTests.xctest */,
				F3B4DF871DF4899700BA4725 /* Slide the BoxUITests.xctest */,
			);
			name = Products;
			sourceTree = "<group>";
		};
		F3B4DF641DF4899700BA4725 /* Slide the Box */ = {
			isa = PBXGroup;
			children = (
				F3B4DF651DF4899700BA4725 /* AppDelegate.swift */,
				F3B4DF691DF4899700BA4725 /* Actions.sks */,
				F3B4DF6D1DF4899700BA4725 /* GameViewController.swift */,
				F3B4DF6F1DF4899700BA4725 /* Main.storyboard */,
				F3B4DF721DF4899700BA4725 /* Assets.xcassets */,
				F3B4DF741DF4899700BA4725 /* LaunchScreen.storyboard */,
				F3B4DF771DF4899700BA4725 /* Info.plist */,
			);
			path = "Slide the Box";
			sourceTree = "<group>";
		};
		F3B4DF7F1DF4899700BA4725 /* Slide the BoxTests */ = {
			isa = PBXGroup;
			children = (
				F3B4DF801DF4899700BA4725 /* Slide_the_BoxTests.swift */,
				F3B4DF821DF4899700BA4725 /* Info.plist */,
			);
			path = "Slide the BoxTests";
			sourceTree = "<group>";
		};
		F3B4DF8A1DF4899700BA4725 /* Slide the BoxUITests */ = {
			isa = PBXGroup;
			children = (
				F3B4DF8B1DF4899700BA4725 /* Slide_the_BoxUITests.swift */,
				F3B4DF8D1DF4899700BA4725 /* Info.plist */,
			);
			path = "Slide the BoxUITests";
			sourceTree = "<group>";
		};
		F3D256731E0C9D7F00043940 /* Number */ = {
			isa = PBXGroup;
			children = (
				F3D256771E0CA12100043940 /* NumberLevel.swift */,
				F3D256791E0CA13300043940 /* NumberLevelProposer.swift */,
				F3D2567B1E0CA14300043940 /* NumberLevelSolver.swift */,
				F3D2567D1E0CA16700043940 /* NumberDifficultyCriteria.swift */,
			);
			name = Number;
			sourceTree = "<group>";
		};
		F3D256741E0C9DA000043940 /* Base */ = {
			isa = PBXGroup;
			children = (
				F3D256751E0C9F1800043940 /* BaseLevel.swift */,
				F3C607F81E16C49400D7B9B4 /* BaseLevelProposer.swift */,
				F3C607FA1E16C4A100D7B9B4 /* BaseLevelSolver.swift */,
				F3C607FC1E16C4B200D7B9B4 /* BaseDifficultyCriteria.swift */,
			);
			name = Base;
			sourceTree = "<group>";
		};
		F3F929B11DF7856E0000FFB1 /* Classes */ = {
			isa = PBXGroup;
			children = (
				F3F929B31DF785810000FFB1 /* Scene classes */,
				F3F929B21DF785790000FFB1 /* Level classes */,
			);
			name = Classes;
			sourceTree = "<group>";
		};
		F3F929B21DF785790000FFB1 /* Level classes */ = {
			isa = PBXGroup;
			children = (
				F3D2EA751DFDEDEE00FAE267 /* LevelGenerator.swift */,
				F33387D91E06065600FC9092 /* LevelGeneratorStatistics.swift */,
				F3D256741E0C9DA000043940 /* Base */,
				F33387DB1E06183A00FC9092 /* Basic */,
				F3D256731E0C9D7F00043940 /* Number */,
			);
			name = "Level classes";
			sourceTree = "<group>";
		};
		F3F929B31DF785810000FFB1 /* Scene classes */ = {
			isa = PBXGroup;
			children = (
				F3F929D21DF7861F0000FFB1 /* MainMenuScene.swift */,
				F3F929D41DF786320000FFB1 /* GameplayScene.swift */,
			);
			name = "Scene classes";
			sourceTree = "<group>";
		};
		F3F929B41DF785990000FFB1 /* Assets */ = {
			isa = PBXGroup;
			children = (
				F3F929B61DF785AE0000FFB1 /* Sounds */,
				F3F929B51DF785AA0000FFB1 /* Fonts */,
			);
			name = Assets;
			sourceTree = "<group>";
		};
		F3F929B51DF785AA0000FFB1 /* Fonts */ = {
			isa = PBXGroup;
			children = (
				F3F929DF1DF790780000FFB1 /* RosewoodStd-Regular.otf */,
			);
			name = Fonts;
			sourceTree = "<group>";
		};
		F3F929B61DF785AE0000FFB1 /* Sounds */ = {
			isa = PBXGroup;
			children = (
				F3F929CE1DF785E80000FFB1 /* Jump.wav */,
			);
			name = Sounds;
			sourceTree = "<group>";
		};
		F3F929D81DF786500000FFB1 /* Scenes */ = {
			isa = PBXGroup;
			children = (
				F3F929D91DF7866C0000FFB1 /* MainMenuScene.sks */,
				F3F929DB1DF7867A0000FFB1 /* GameplayScene.sks */,
			);
			name = Scenes;
			sourceTree = "<group>";
		};
/* End PBXGroup section */

/* Begin PBXNativeTarget section */
		F3B4DF611DF4899700BA4725 /* Slide the Box */ = {
			isa = PBXNativeTarget;
			buildConfigurationList = F3B4DF901DF4899700BA4725 /* Build configuration list for PBXNativeTarget "Slide the Box" */;
			buildPhases = (
				F3B4DF5E1DF4899700BA4725 /* Sources */,
				F3B4DF5F1DF4899700BA4725 /* Frameworks */,
				F3B4DF601DF4899700BA4725 /* Resources */,
			);
			buildRules = (
			);
			dependencies = (
			);
			name = "Slide the Box";
			productName = "Slide the Box";
			productReference = F3B4DF621DF4899700BA4725 /* Slide the Box.app */;
			productType = "com.apple.product-type.application";
		};
		F3B4DF7B1DF4899700BA4725 /* Slide the BoxTests */ = {
			isa = PBXNativeTarget;
			buildConfigurationList = F3B4DF931DF4899700BA4725 /* Build configuration list for PBXNativeTarget "Slide the BoxTests" */;
			buildPhases = (
				F3B4DF781DF4899700BA4725 /* Sources */,
				F3B4DF791DF4899700BA4725 /* Frameworks */,
				F3B4DF7A1DF4899700BA4725 /* Resources */,
			);
			buildRules = (
			);
			dependencies = (
				F3B4DF7E1DF4899700BA4725 /* PBXTargetDependency */,
			);
			name = "Slide the BoxTests";
			productName = "Slide the BoxTests";
			productReference = F3B4DF7C1DF4899700BA4725 /* Slide the BoxTests.xctest */;
			productType = "com.apple.product-type.bundle.unit-test";
		};
		F3B4DF861DF4899700BA4725 /* Slide the BoxUITests */ = {
			isa = PBXNativeTarget;
			buildConfigurationList = F3B4DF961DF4899700BA4725 /* Build configuration list for PBXNativeTarget "Slide the BoxUITests" */;
			buildPhases = (
				F3B4DF831DF4899700BA4725 /* Sources */,
				F3B4DF841DF4899700BA4725 /* Frameworks */,
				F3B4DF851DF4899700BA4725 /* Resources */,
			);
			buildRules = (
			);
			dependencies = (
				F3B4DF891DF4899700BA4725 /* PBXTargetDependency */,
			);
			name = "Slide the BoxUITests";
			productName = "Slide the BoxUITests";
			productReference = F3B4DF871DF4899700BA4725 /* Slide the BoxUITests.xctest */;
			productType = "com.apple.product-type.bundle.ui-testing";
		};
/* End PBXNativeTarget section */

/* Begin PBXProject section */
		F3B4DF5A1DF4899700BA4725 /* Project object */ = {
			isa = PBXProject;
			attributes = {
				LastSwiftUpdateCheck = 0810;
				LastUpgradeCheck = 0820;
				ORGANIZATIONNAME = "Alex Morgan";
				TargetAttributes = {
					F3B4DF611DF4899700BA4725 = {
						CreatedOnToolsVersion = 8.1;
						DevelopmentTeam = KBPSNU442Q;
						ProvisioningStyle = Automatic;
					};
					F3B4DF7B1DF4899700BA4725 = {
						CreatedOnToolsVersion = 8.1;
						DevelopmentTeam = KBPSNU442Q;
						ProvisioningStyle = Automatic;
						TestTargetID = F3B4DF611DF4899700BA4725;
					};
					F3B4DF861DF4899700BA4725 = {
						CreatedOnToolsVersion = 8.1;
						DevelopmentTeam = KBPSNU442Q;
						ProvisioningStyle = Automatic;
						TestTargetID = F3B4DF611DF4899700BA4725;
					};
				};
			};
			buildConfigurationList = F3B4DF5D1DF4899700BA4725 /* Build configuration list for PBXProject "Slide the Box" */;
			compatibilityVersion = "Xcode 3.2";
			developmentRegion = English;
			hasScannedForEncodings = 0;
			knownRegions = (
				en,
				Base,
			);
			mainGroup = F3B4DF591DF4899700BA4725;
			productRefGroup = F3B4DF631DF4899700BA4725 /* Products */;
			projectDirPath = "";
			projectRoot = "";
			targets = (
				F3B4DF611DF4899700BA4725 /* Slide the Box */,
				F3B4DF7B1DF4899700BA4725 /* Slide the BoxTests */,
				F3B4DF861DF4899700BA4725 /* Slide the BoxUITests */,
			);
		};
/* End PBXProject section */

/* Begin PBXResourcesBuildPhase section */
		F3B4DF601DF4899700BA4725 /* Resources */ = {
			isa = PBXResourcesBuildPhase;
			buildActionMask = 2147483647;
			files = (
				F3B4DF711DF4899700BA4725 /* Main.storyboard in Resources */,
				F3F929DA1DF7866C0000FFB1 /* MainMenuScene.sks in Resources */,
				F3F929E01DF790780000FFB1 /* RosewoodStd-Regular.otf in Resources */,
				F3B4DF731DF4899700BA4725 /* Assets.xcassets in Resources */,
				F3B4DF761DF4899700BA4725 /* LaunchScreen.storyboard in Resources */,
				F3F929DC1DF7867A0000FFB1 /* GameplayScene.sks in Resources */,
				F3B4DF6A1DF4899700BA4725 /* Actions.sks in Resources */,
				F3F929CF1DF785E80000FFB1 /* Jump.wav in Resources */,
			);
			runOnlyForDeploymentPostprocessing = 0;
		};
		F3B4DF7A1DF4899700BA4725 /* Resources */ = {
			isa = PBXResourcesBuildPhase;
			buildActionMask = 2147483647;
			files = (
			);
			runOnlyForDeploymentPostprocessing = 0;
		};
		F3B4DF851DF4899700BA4725 /* Resources */ = {
			isa = PBXResourcesBuildPhase;
			buildActionMask = 2147483647;
			files = (
			);
			runOnlyForDeploymentPostprocessing = 0;
		};
/* End PBXResourcesBuildPhase section */

/* Begin PBXSourcesBuildPhase section */
		F3B4DF5E1DF4899700BA4725 /* Sources */ = {
			isa = PBXSourcesBuildPhase;
			buildActionMask = 2147483647;
			files = (
				F3F929D51DF786320000FFB1 /* GameplayScene.swift in Sources */,
				F35167311DFF8E940096582F /* BasicDifficultyCriteria.swift in Sources */,
				F3D2EA761DFDEDEE00FAE267 /* LevelGenerator.swift in Sources */,
				F3B4DF6E1DF4899700BA4725 /* GameViewController.swift in Sources */,
				F3D256761E0C9F1800043940 /* BaseLevel.swift in Sources */,
				F33387DA1E06065600FC9092 /* LevelGeneratorStatistics.swift in Sources */,
				F3C607FD1E16C4B200D7B9B4 /* BaseDifficultyCriteria.swift in Sources */,
				F3F929D31DF7861F0000FFB1 /* MainMenuScene.swift in Sources */,
				F3C607FB1E16C4A100D7B9B4 /* BaseLevelSolver.swift in Sources */,
				F3D2567E1E0CA16700043940 /* NumberDifficultyCriteria.swift in Sources */,
				F380A7761DFB356B002BD1AF /* BasicLevelProposer.swift in Sources */,
				F380A7781DFB35AA002BD1AF /* BasicLevelSolver.swift in Sources */,
				F3F929D71DF7863D0000FFB1 /* BasicLevel.swift in Sources */,
				F3D2567A1E0CA13300043940 /* NumberLevelProposer.swift in Sources */,
				F3D256781E0CA12100043940 /* NumberLevel.swift in Sources */,
				F3D2567C1E0CA14300043940 /* NumberLevelSolver.swift in Sources */,
				F3B4DF661DF4899700BA4725 /* AppDelegate.swift in Sources */,
				F3C607F91E16C49400D7B9B4 /* BaseLevelProposer.swift in Sources */,
			);
			runOnlyForDeploymentPostprocessing = 0;
		};
		F3B4DF781DF4899700BA4725 /* Sources */ = {
			isa = PBXSourcesBuildPhase;
			buildActionMask = 2147483647;
			files = (
				F3B4DF811DF4899700BA4725 /* Slide_the_BoxTests.swift in Sources */,
			);
			runOnlyForDeploymentPostprocessing = 0;
		};
		F3B4DF831DF4899700BA4725 /* Sources */ = {
			isa = PBXSourcesBuildPhase;
			buildActionMask = 2147483647;
			files = (
				F3B4DF8C1DF4899700BA4725 /* Slide_the_BoxUITests.swift in Sources */,
			);
			runOnlyForDeploymentPostprocessing = 0;
		};
/* End PBXSourcesBuildPhase section */

/* Begin PBXTargetDependency section */
		F3B4DF7E1DF4899700BA4725 /* PBXTargetDependency */ = {
			isa = PBXTargetDependency;
			target = F3B4DF611DF4899700BA4725 /* Slide the Box */;
			targetProxy = F3B4DF7D1DF4899700BA4725 /* PBXContainerItemProxy */;
		};
		F3B4DF891DF4899700BA4725 /* PBXTargetDependency */ = {
			isa = PBXTargetDependency;
			target = F3B4DF611DF4899700BA4725 /* Slide the Box */;
			targetProxy = F3B4DF881DF4899700BA4725 /* PBXContainerItemProxy */;
		};
/* End PBXTargetDependency section */

/* Begin PBXVariantGroup section */
		F3B4DF6F1DF4899700BA4725 /* Main.storyboard */ = {
			isa = PBXVariantGroup;
			children = (
				F3B4DF701DF4899700BA4725 /* Base */,
			);
			name = Main.storyboard;
			sourceTree = "<group>";
		};
		F3B4DF741DF4899700BA4725 /* LaunchScreen.storyboard */ = {
			isa = PBXVariantGroup;
			children = (
				F3B4DF751DF4899700BA4725 /* Base */,
			);
			name = LaunchScreen.storyboard;
			sourceTree = "<group>";
		};
/* End PBXVariantGroup section */

/* Begin XCBuildConfiguration section */
		F3B4DF8E1DF4899700BA4725 /* Debug */ = {
			isa = XCBuildConfiguration;
			buildSettings = {
				ALWAYS_SEARCH_USER_PATHS = NO;
				CLANG_ANALYZER_NONNULL = YES;
				CLANG_CXX_LANGUAGE_STANDARD = "gnu++0x";
				CLANG_CXX_LIBRARY = "libc++";
				CLANG_ENABLE_MODULES = YES;
				CLANG_ENABLE_OBJC_ARC = YES;
				CLANG_WARN_BOOL_CONVERSION = YES;
				CLANG_WARN_CONSTANT_CONVERSION = YES;
				CLANG_WARN_DIRECT_OBJC_ISA_USAGE = YES_ERROR;
				CLANG_WARN_DOCUMENTATION_COMMENTS = YES;
				CLANG_WARN_EMPTY_BODY = YES;
				CLANG_WARN_ENUM_CONVERSION = YES;
				CLANG_WARN_INFINITE_RECURSION = YES;
				CLANG_WARN_INT_CONVERSION = YES;
				CLANG_WARN_OBJC_ROOT_CLASS = YES_ERROR;
				CLANG_WARN_SUSPICIOUS_MOVE = YES;
				CLANG_WARN_SUSPICIOUS_MOVES = YES;
				CLANG_WARN_UNREACHABLE_CODE = YES;
				CLANG_WARN__DUPLICATE_METHOD_MATCH = YES;
				"CODE_SIGN_IDENTITY[sdk=iphoneos*]" = "iPhone Developer";
				COPY_PHASE_STRIP = NO;
				DEBUG_INFORMATION_FORMAT = dwarf;
				ENABLE_STRICT_OBJC_MSGSEND = YES;
				ENABLE_TESTABILITY = YES;
				GCC_C_LANGUAGE_STANDARD = gnu99;
				GCC_DYNAMIC_NO_PIC = NO;
				GCC_NO_COMMON_BLOCKS = YES;
				GCC_OPTIMIZATION_LEVEL = 0;
				GCC_PREPROCESSOR_DEFINITIONS = (
					"DEBUG=1",
					"$(inherited)",
				);
				GCC_WARN_64_TO_32_BIT_CONVERSION = YES;
				GCC_WARN_ABOUT_RETURN_TYPE = YES_ERROR;
				GCC_WARN_UNDECLARED_SELECTOR = YES;
				GCC_WARN_UNINITIALIZED_AUTOS = YES_AGGRESSIVE;
				GCC_WARN_UNUSED_FUNCTION = YES;
				GCC_WARN_UNUSED_VARIABLE = YES;
				IPHONEOS_DEPLOYMENT_TARGET = 10.1;
				MTL_ENABLE_DEBUG_INFO = YES;
				ONLY_ACTIVE_ARCH = YES;
				SDKROOT = iphoneos;
				SWIFT_ACTIVE_COMPILATION_CONDITIONS = DEBUG;
				SWIFT_OPTIMIZATION_LEVEL = "-Onone";
				TARGETED_DEVICE_FAMILY = "1,2";
			};
			name = Debug;
		};
		F3B4DF8F1DF4899700BA4725 /* Release */ = {
			isa = XCBuildConfiguration;
			buildSettings = {
				ALWAYS_SEARCH_USER_PATHS = NO;
				CLANG_ANALYZER_NONNULL = YES;
				CLANG_CXX_LANGUAGE_STANDARD = "gnu++0x";
				CLANG_CXX_LIBRARY = "libc++";
				CLANG_ENABLE_MODULES = YES;
				CLANG_ENABLE_OBJC_ARC = YES;
				CLANG_WARN_BOOL_CONVERSION = YES;
				CLANG_WARN_CONSTANT_CONVERSION = YES;
				CLANG_WARN_DIRECT_OBJC_ISA_USAGE = YES_ERROR;
				CLANG_WARN_DOCUMENTATION_COMMENTS = YES;
				CLANG_WARN_EMPTY_BODY = YES;
				CLANG_WARN_ENUM_CONVERSION = YES;
				CLANG_WARN_INFINITE_RECURSION = YES;
				CLANG_WARN_INT_CONVERSION = YES;
				CLANG_WARN_OBJC_ROOT_CLASS = YES_ERROR;
				CLANG_WARN_SUSPICIOUS_MOVE = YES;
				CLANG_WARN_SUSPICIOUS_MOVES = YES;
				CLANG_WARN_UNREACHABLE_CODE = YES;
				CLANG_WARN__DUPLICATE_METHOD_MATCH = YES;
				"CODE_SIGN_IDENTITY[sdk=iphoneos*]" = "iPhone Developer";
				COPY_PHASE_STRIP = NO;
				DEBUG_INFORMATION_FORMAT = "dwarf-with-dsym";
				ENABLE_NS_ASSERTIONS = NO;
				ENABLE_STRICT_OBJC_MSGSEND = YES;
				GCC_C_LANGUAGE_STANDARD = gnu99;
				GCC_NO_COMMON_BLOCKS = YES;
				GCC_WARN_64_TO_32_BIT_CONVERSION = YES;
				GCC_WARN_ABOUT_RETURN_TYPE = YES_ERROR;
				GCC_WARN_UNDECLARED_SELECTOR = YES;
				GCC_WARN_UNINITIALIZED_AUTOS = YES_AGGRESSIVE;
				GCC_WARN_UNUSED_FUNCTION = YES;
				GCC_WARN_UNUSED_VARIABLE = YES;
				IPHONEOS_DEPLOYMENT_TARGET = 10.1;
				MTL_ENABLE_DEBUG_INFO = NO;
				SDKROOT = iphoneos;
				SWIFT_OPTIMIZATION_LEVEL = "-Owholemodule";
				TARGETED_DEVICE_FAMILY = "1,2";
				VALIDATE_PRODUCT = YES;
			};
			name = Release;
		};
		F3B4DF911DF4899700BA4725 /* Debug */ = {
			isa = XCBuildConfiguration;
			buildSettings = {
				ASSETCATALOG_COMPILER_APPICON_NAME = AppIcon;
				DEVELOPMENT_TEAM = KBPSNU442Q;
				INFOPLIST_FILE = "Slide the Box/Info.plist";
				LD_RUNPATH_SEARCH_PATHS = "$(inherited) @executable_path/Frameworks";
				PRODUCT_BUNDLE_IDENTIFIER = "axm108.Slide-the-Box";
				PRODUCT_NAME = "$(TARGET_NAME)";
				SWIFT_VERSION = 3.0;
			};
			name = Debug;
		};
		F3B4DF921DF4899700BA4725 /* Release */ = {
			isa = XCBuildConfiguration;
			buildSettings = {
				ASSETCATALOG_COMPILER_APPICON_NAME = AppIcon;
				DEVELOPMENT_TEAM = KBPSNU442Q;
				INFOPLIST_FILE = "Slide the Box/Info.plist";
				LD_RUNPATH_SEARCH_PATHS = "$(inherited) @executable_path/Frameworks";
				PRODUCT_BUNDLE_IDENTIFIER = "axm108.Slide-the-Box";
				PRODUCT_NAME = "$(TARGET_NAME)";
				SWIFT_VERSION = 3.0;
			};
			name = Release;
		};
		F3B4DF941DF4899700BA4725 /* Debug */ = {
			isa = XCBuildConfiguration;
			buildSettings = {
				ALWAYS_EMBED_SWIFT_STANDARD_LIBRARIES = YES;
				BUNDLE_LOADER = "$(TEST_HOST)";
				DEVELOPMENT_TEAM = KBPSNU442Q;
				INFOPLIST_FILE = "Slide the BoxTests/Info.plist";
				LD_RUNPATH_SEARCH_PATHS = "$(inherited) @executable_path/Frameworks @loader_path/Frameworks";
				PRODUCT_BUNDLE_IDENTIFIER = "axm108.Slide-the-BoxTests";
				PRODUCT_NAME = "$(TARGET_NAME)";
				SWIFT_VERSION = 3.0;
				TEST_HOST = "$(BUILT_PRODUCTS_DIR)/Slide the Box.app/Slide the Box";
			};
			name = Debug;
		};
		F3B4DF951DF4899700BA4725 /* Release */ = {
			isa = XCBuildConfiguration;
			buildSettings = {
				ALWAYS_EMBED_SWIFT_STANDARD_LIBRARIES = YES;
				BUNDLE_LOADER = "$(TEST_HOST)";
				DEVELOPMENT_TEAM = KBPSNU442Q;
				INFOPLIST_FILE = "Slide the BoxTests/Info.plist";
				LD_RUNPATH_SEARCH_PATHS = "$(inherited) @executable_path/Frameworks @loader_path/Frameworks";
				PRODUCT_BUNDLE_IDENTIFIER = "axm108.Slide-the-BoxTests";
				PRODUCT_NAME = "$(TARGET_NAME)";
				SWIFT_VERSION = 3.0;
				TEST_HOST = "$(BUILT_PRODUCTS_DIR)/Slide the Box.app/Slide the Box";
			};
			name = Release;
		};
		F3B4DF971DF4899700BA4725 /* Debug */ = {
			isa = XCBuildConfiguration;
			buildSettings = {
				ALWAYS_EMBED_SWIFT_STANDARD_LIBRARIES = YES;
				DEVELOPMENT_TEAM = KBPSNU442Q;
				INFOPLIST_FILE = "Slide the BoxUITests/Info.plist";
				LD_RUNPATH_SEARCH_PATHS = "$(inherited) @executable_path/Frameworks @loader_path/Frameworks";
				PRODUCT_BUNDLE_IDENTIFIER = "axm108.Slide-the-BoxUITests";
				PRODUCT_NAME = "$(TARGET_NAME)";
				SWIFT_VERSION = 3.0;
				TEST_TARGET_NAME = "Slide the Box";
			};
			name = Debug;
		};
		F3B4DF981DF4899700BA4725 /* Release */ = {
			isa = XCBuildConfiguration;
			buildSettings = {
				ALWAYS_EMBED_SWIFT_STANDARD_LIBRARIES = YES;
				DEVELOPMENT_TEAM = KBPSNU442Q;
				INFOPLIST_FILE = "Slide the BoxUITests/Info.plist";
				LD_RUNPATH_SEARCH_PATHS = "$(inherited) @executable_path/Frameworks @loader_path/Frameworks";
				PRODUCT_BUNDLE_IDENTIFIER = "axm108.Slide-the-BoxUITests";
				PRODUCT_NAME = "$(TARGET_NAME)";
				SWIFT_VERSION = 3.0;
				TEST_TARGET_NAME = "Slide the Box";
			};
			name = Release;
		};
/* End XCBuildConfiguration section */

/* Begin XCConfigurationList section */
		F3B4DF5D1DF4899700BA4725 /* Build configuration list for PBXProject "Slide the Box" */ = {
			isa = XCConfigurationList;
			buildConfigurations = (
				F3B4DF8E1DF4899700BA4725 /* Debug */,
				F3B4DF8F1DF4899700BA4725 /* Release */,
			);
			defaultConfigurationIsVisible = 0;
			defaultConfigurationName = Release;
		};
		F3B4DF901DF4899700BA4725 /* Build configuration list for PBXNativeTarget "Slide the Box" */ = {
			isa = XCConfigurationList;
			buildConfigurations = (
				F3B4DF911DF4899700BA4725 /* Debug */,
				F3B4DF921DF4899700BA4725 /* Release */,
			);
			defaultConfigurationIsVisible = 0;
			defaultConfigurationName = Release;
		};
		F3B4DF931DF4899700BA4725 /* Build configuration list for PBXNativeTarget "Slide the BoxTests" */ = {
			isa = XCConfigurationList;
			buildConfigurations = (
				F3B4DF941DF4899700BA4725 /* Debug */,
				F3B4DF951DF4899700BA4725 /* Release */,
			);
			defaultConfigurationIsVisible = 0;
			defaultConfigurationName = Release;
		};
		F3B4DF961DF4899700BA4725 /* Build configuration list for PBXNativeTarget "Slide the BoxUITests" */ = {
			isa = XCConfigurationList;
			buildConfigurations = (
				F3B4DF971DF4899700BA4725 /* Debug */,
				F3B4DF981DF4899700BA4725 /* Release */,
			);
			defaultConfigurationIsVisible = 0;
			defaultConfigurationName = Release;
		};
/* End XCConfigurationList section */
	};
	rootObject = F3B4DF5A1DF4899700BA4725 /* Project object */;
}
